
Microsoft Visual Studio Solution File, Format Version 12.00
# Visual Studio Version 17
VisualStudioVersion = 17.11.35222.181
MinimumVisualStudioVersion = 10.0.40219.1
Project("{8BC9CEB8-8B4A-11D0-8D11-00A0C91BC942}") = "mmyProjectt", "mmyProjectt.vcxproj", "{45BC6DBA-F3C8-4CA8-AB80-3942BAB88640}"
EndProject
Global
	GlobalSection(SolutionConfigurationPlatforms) = preSolution
		Debug|x64 = Debug|x64
		Debug|x86 = Debug|x86
		Release|x64 = Release|x64
		Release|x86 = Release|x86
	EndGlobalSection
	GlobalSection(ProjectConfigurationPlatforms) = postSolution
		{45BC6DBA-F3C8-4CA8-AB80-3942BAB88640}.Debug|x64.ActiveCfg = Debug|x64
		{45BC6DBA-F3C8-4CA8-AB80-3942BAB88640}.Debug|x64.Build.0 = Debug|x64
		{45BC6DBA-F3C8-4CA8-AB80-3942BAB88640}.Debug|x86.ActiveCfg = Debug|Win32
		{45BC6DBA-F3C8-4CA8-AB80-3942BAB88640}.Debug|x86.Build.0 = Debug|Win32
		{45BC6DBA-F3C8-4CA8-AB80-3942BAB88640}.Release|x64.ActiveCfg = Release|x64
		{45BC6DBA-F3C8-4CA8-AB80-3942BAB88640}.Release|x64.Build.0 = Release|x64
		{45BC6DBA-F3C8-4CA8-AB80-3942BAB88640}.Release|x86.ActiveCfg = Release|Win32
		{45BC6DBA-F3C8-4CA8-AB80-3942BAB88640}.Release|x86.Build.0 = Release|Win32
	EndGlobalSection
	GlobalSection(SolutionProperties) = preSolution
		HideSolutionNode = FALSE
	EndGlobalSection
	GlobalSection(ExtensibilityGlobals) = postSolution
		SolutionGuid = {C0920920-2100-4E7D-A4EA-F97157FA9F57}
	EndGlobalSection
EndGlobal
